
Microsoft Visual Studio Solution File, Format Version 12.00
# Visual Studio 2015
Project("{FAE04EC0-301F-11D3-BF4B-00C04F79EFBC}") = "Catapult-L", "Catapult-L.csproj", "{2B5CC604-6DF9-2364-0111-63328FC03591}"
EndProject
Project("{FAE04EC0-301F-11D3-BF4B-00C04F79EFBC}") = "Catapult-L.Editor", "Catapult-L.Editor.csproj", "{74FBE5C6-E205-E204-9680-CEFA00B47FD6}"
EndProject
Global
	GlobalSection(SolutionConfigurationPlatforms) = preSolution
		Debug|Any CPU = Debug|Any CPU
		Release|Any CPU = Release|Any CPU
	EndGlobalSection
	GlobalSection(ProjectConfigurationPlatforms) = postSolution
		{2B5CC604-6DF9-2364-0111-63328FC03591}.Debug|Any CPU.ActiveCfg = Debug|Any CPU
		{2B5CC604-6DF9-2364-0111-63328FC03591}.Debug|Any CPU.Build.0 = Debug|Any CPU
		{2B5CC604-6DF9-2364-0111-63328FC03591}.Release|Any CPU.ActiveCfg = Release|Any CPU
		{2B5CC604-6DF9-2364-0111-63328FC03591}.Release|Any CPU.Build.0 = Release|Any CPU
		{74FBE5C6-E205-E204-9680-CEFA00B47FD6}.Debug|Any CPU.ActiveCfg = Debug|Any CPU
		{74FBE5C6-E205-E204-9680-CEFA00B47FD6}.Debug|Any CPU.Build.0 = Debug|Any CPU
		{74FBE5C6-E205-E204-9680-CEFA00B47FD6}.Release|Any CPU.ActiveCfg = Release|Any CPU
		{74FBE5C6-E205-E204-9680-CEFA00B47FD6}.Release|Any CPU.Build.0 = Release|Any CPU
	EndGlobalSection
	GlobalSection(SolutionProperties) = preSolution
		HideSolutionNode = FALSE
	EndGlobalSection
EndGlobal
